
Microsoft Visual Studio Solution File, Format Version 12.00
# Visual Studio Version 16
VisualStudioVersion = 16.0.31105.61
MinimumVisualStudioVersion = 10.0.40219.1
Project("{FAE04EC0-301F-11D3-BF4B-00C04F79EFBC}") = "aureg", "stagekuadmission.applythrunet.co.in\aureg.csproj", "{EBE910FB-998D-45AF-81B8-1E9065DEF39C}"
EndProject
Global
	GlobalSection(SolutionConfigurationPlatforms) = preSolution
		Debug|Any CPU = Debug|Any CPU
		Release|Any CPU = Release|Any CPU
	EndGlobalSection
	GlobalSection(ProjectConfigurationPlatforms) = postSolution
		{EBE910FB-998D-45AF-81B8-1E9065DEF39C}.Debug|Any CPU.ActiveCfg = Debug|Any CPU
		{EBE910FB-998D-45AF-81B8-1E9065DEF39C}.Debug|Any CPU.Build.0 = Debug|Any CPU
		{EBE910FB-998D-45AF-81B8-1E9065DEF39C}.Release|Any CPU.ActiveCfg = Release|Any CPU
		{EBE910FB-998D-45AF-81B8-1E9065DEF39C}.Release|Any CPU.Build.0 = Release|Any CPU
	EndGlobalSection
	GlobalSection(SolutionProperties) = preSolution
		HideSolutionNode = FALSE
	EndGlobalSection
	GlobalSection(ExtensibilityGlobals) = postSolution
		SolutionGuid = {43F4D65E-E070-4AAE-BD1F-F6A08575F084}
	EndGlobalSection
EndGlobal
