
Microsoft Visual Studio Solution File, Format Version 12.00
# Visual Studio Version 17
VisualStudioVersion = 17.6.33513.286
MinimumVisualStudioVersion = 10.0.40219.1
Project("{FAE04EC0-301F-11D3-BF4B-00C04F79EFBC}") = "GitLearninDemo", "GitLearninDemo.csproj", "{FA43C977-8590-49E1-AD32-ECB126988410}"
EndProject
Global
	GlobalSection(SolutionConfigurationPlatforms) = preSolution
		Debug|Any CPU = Debug|Any CPU
		Release|Any CPU = Release|Any CPU
	EndGlobalSection
	GlobalSection(ProjectConfigurationPlatforms) = postSolution
		{FA43C977-8590-49E1-AD32-ECB126988410}.Debug|Any CPU.ActiveCfg = Debug|Any CPU
		{FA43C977-8590-49E1-AD32-ECB126988410}.Debug|Any CPU.Build.0 = Debug|Any CPU
		{FA43C977-8590-49E1-AD32-ECB126988410}.Release|Any CPU.ActiveCfg = Release|Any CPU
		{FA43C977-8590-49E1-AD32-ECB126988410}.Release|Any CPU.Build.0 = Release|Any CPU
	EndGlobalSection
	GlobalSection(SolutionProperties) = preSolution
		HideSolutionNode = FALSE
	EndGlobalSection
	GlobalSection(ExtensibilityGlobals) = postSolution
		SolutionGuid = {4AB27AE1-1CB0-468F-9DFD-4DB1626D2487}
	EndGlobalSection
EndGlobal
